
Microsoft Visual Studio Solution File, Format Version 12.00
# Visual Studio 15
VisualStudioVersion = 15.0.27130.2027
MinimumVisualStudioVersion = 10.0.40219.1
Project("{8BC9CEB8-8B4A-11D0-8D11-00A0C91BC942}") = "Org.Apache.REEF.Bridge", "Org.Apache.REEF.Bridge\Org.Apache.REEF.Bridge.vcxproj", "{6C7325D1-EBB6-4642-B34F-B66F46152230}"
	ProjectSection(ProjectDependencies) = postProject
		{4AFF480F-006F-4229-8565-DB8F0E5F0C1D} = {4AFF480F-006F-4229-8565-DB8F0E5F0C1D}
		{448A0D5F-A8DE-4CAA-8224-0A9A63A9392E} = {448A0D5F-A8DE-4CAA-8224-0A9A63A9392E}
	EndProjectSection
EndProject
Project("{9A19103F-16F7-4668-BE54-9A1E7A4F7556}") = "Org.Apache.REEF.Bridge.JAR", "Org.Apache.REEF.Bridge.JAR\Org.Apache.REEF.Bridge.JAR.csproj", "{448A0D5F-A8DE-4CAA-8224-0A9A63A9392E}"
EndProject
Project("{9A19103F-16F7-4668-BE54-9A1E7A4F7556}") = "Org.Apache.REEF.Utilities", "Org.Apache.REEF.Utilities\Org.Apache.REEF.Utilities.csproj", "{FE4CEA75-2F26-4C97-B256-375AA698B4A9}"
EndProject
Project("{9A19103F-16F7-4668-BE54-9A1E7A4F7556}") = "Org.Apache.REEF.Tang", "Org.Apache.REEF.Tang\Org.Apache.REEF.Tang.csproj", "{16E1218C-9A3C-49E2-A939-C29944BBB72E}"
EndProject
Project("{9A19103F-16F7-4668-BE54-9A1E7A4F7556}") = "Org.Apache.REEF.Wake", "Org.Apache.REEF.Wake\Org.Apache.REEF.Wake.csproj", "{C7314C70-7D05-4A77-B442-712712C60E16}"
EndProject
Project("{9A19103F-16F7-4668-BE54-9A1E7A4F7556}") = "Org.Apache.REEF.Wake.Tests", "Org.Apache.REEF.Wake.Tests\Org.Apache.REEF.Wake.Tests.csproj", "{1E2B189D-239E-419F-BA09-2A3B28EF98EB}"
EndProject
Project("{9A19103F-16F7-4668-BE54-9A1E7A4F7556}") = "Org.Apache.REEF.Common", "Org.Apache.REEF.Common\Org.Apache.REEF.Common.csproj", "{F92D4129-C094-458D-8DFE-B1454A62DA0F}"
EndProject
Project("{9A19103F-16F7-4668-BE54-9A1E7A4F7556}") = "Org.Apache.REEF.Examples", "Org.Apache.REEF.Examples\Org.Apache.REEF.Examples.csproj", "{4C617764-FD55-4915-BACA-29D88A6B7C55}"
EndProject
Project("{9A19103F-16F7-4668-BE54-9A1E7A4F7556}") = "Org.Apache.REEF.Network", "Org.Apache.REEF.Network\Org.Apache.REEF.Network.csproj", "{E1CB058B-DFAC-48CB-818E-4790D2C1701F}"
EndProject
Project("{9A19103F-16F7-4668-BE54-9A1E7A4F7556}") = "Org.Apache.REEF.Network.Examples", "Org.Apache.REEF.Network.Examples\Org.Apache.REEF.Network.Examples.csproj", "{8DF28709-0405-4EF9-A525-19D177032073}"
EndProject
Project("{9A19103F-16F7-4668-BE54-9A1E7A4F7556}") = "Org.Apache.REEF.Network.Tests", "Org.Apache.REEF.Network.Tests\Org.Apache.REEF.Network.Tests.csproj", "{C61EDCD2-36AB-4F46-8886-40E6BDE05FAC}"
EndProject
Project("{9A19103F-16F7-4668-BE54-9A1E7A4F7556}") = "Org.Apache.REEF.Tang.Examples", "Org.Apache.REEF.Tang.Examples\Org.Apache.REEF.Tang.Examples.csproj", "{421744DE-5FB7-4694-98A7-00E4248A8B8C}"
EndProject
Project("{9A19103F-16F7-4668-BE54-9A1E7A4F7556}") = "Org.Apache.REEF.Tang.Tests", "Org.Apache.REEF.Tang.Tests\Org.Apache.REEF.Tang.Tests.csproj", "{6AB95745-BE93-4BF0-B3D3-C99EAB716F6B}"
EndProject
Project("{9A19103F-16F7-4668-BE54-9A1E7A4F7556}") = "Org.Apache.REEF.Tang.Tools", "Org.Apache.REEF.Tang.Tools\Org.Apache.REEF.Tang.Tools.csproj", "{558927C3-045B-405D-A978-9E89D50BB51A}"
EndProject
Project("{9A19103F-16F7-4668-BE54-9A1E7A4F7556}") = "Org.Apache.REEF.IO", "Org.Apache.REEF.IO\Org.Apache.REEF.IO.csproj", "{E68A8740-AEA1-423E-B32B-E873F787CF60}"
EndProject
Project("{9A19103F-16F7-4668-BE54-9A1E7A4F7556}") = "Org.Apache.REEF.IO.Tests", "Org.Apache.REEF.IO.Tests\Org.Apache.REEF.IO.Tests.csproj", "{2C11BA8F-9F2D-4A94-B9E1-6F7CC2F99A96}"
EndProject
Project("{9A19103F-16F7-4668-BE54-9A1E7A4F7556}") = "Org.Apache.REEF.Evaluator", "Org.Apache.REEF.Evaluator\Org.Apache.REEF.Evaluator.csproj", "{74A9ED6D-EE76-4DFF-A921-F6D761C2CB7A}"
EndProject
Project("{9A19103F-16F7-4668-BE54-9A1E7A4F7556}") = "Org.Apache.REEF.Driver", "Org.Apache.REEF.Driver\Org.Apache.REEF.Driver.csproj", "{4AFF480F-006F-4229-8565-DB8F0E5F0C1D}"
EndProject
Project("{9A19103F-16F7-4668-BE54-9A1E7A4F7556}") = "Org.Apache.REEF.Client", "Org.Apache.REEF.Client\Org.Apache.REEF.Client.csproj", "{A23F679F-233A-41A1-9964-61A0576E5D93}"
	ProjectSection(ProjectDependencies) = postProject
		{6C7325D1-EBB6-4642-B34F-B66F46152230} = {6C7325D1-EBB6-4642-B34F-B66F46152230}
	EndProjectSection
EndProject
Project("{9A19103F-16F7-4668-BE54-9A1E7A4F7556}") = "Org.Apache.REEF.Client.Tests", "Org.Apache.REEF.Client.Tests\Org.Apache.REEF.Client.Tests.csproj", "{C3F0F0F8-0001-44C3-998F-89992361FA43}"
EndProject
Project("{9A19103F-16F7-4668-BE54-9A1E7A4F7556}") = "Org.Apache.REEF.Common.Tests", "Org.Apache.REEF.Common.Tests\Org.Apache.REEF.Common.Tests.csproj", "{EB9E67A8-0D79-4355-8699-724FF8F40D39}"
EndProject
Project("{9A19103F-16F7-4668-BE54-9A1E7A4F7556}") = "Org.Apache.REEF.Examples.HelloREEF", "Org.Apache.REEF.Examples.HelloREEF\Org.Apache.REEF.Examples.HelloREEF.csproj", "{D5E2987D-234B-4EAB-85FA-BB377FE63C42}"
EndProject
Project("{9A19103F-16F7-4668-BE54-9A1E7A4F7556}") = "Org.Apache.REEF.IMRU", "Org.Apache.REEF.IMRU\Org.Apache.REEF.IMRU.csproj", "{80036B79-DAF4-4EDD-854E-1ADCBEBEB803}"
EndProject
Project("{9A19103F-16F7-4668-BE54-9A1E7A4F7556}") = "Org.Apache.REEF.IMRU.Examples", "Org.Apache.REEF.IMRU.Examples\Org.Apache.REEF.IMRU.Examples.csproj", "{880CF3D8-B8A8-4350-A067-50A589563848}"
EndProject
Project("{9A19103F-16F7-4668-BE54-9A1E7A4F7556}") = "Org.Apache.REEF.IMRU.Tests", "Org.Apache.REEF.IMRU.Tests\Org.Apache.REEF.IMRU.Tests.csproj", "{CF4985C6-A06B-4F20-B5C3-489889170DB7}"
EndProject
Project("{9A19103F-16F7-4668-BE54-9A1E7A4F7556}") = "Org.Apache.REEF.Evaluator.Tests", "Org.Apache.REEF.Evaluator.Tests\Org.Apache.REEF.Evaluator.Tests.csproj", "{F98C05F8-584B-4BA1-ABC1-74C04B03932D}"
EndProject
Project("{9A19103F-16F7-4668-BE54-9A1E7A4F7556}") = "Org.Apache.REEF.Examples.AllHandlers", "Org.Apache.REEF.Examples.AllHandlers\Org.Apache.REEF.Examples.AllHandlers.csproj", "{704D00D3-9B85-46E5-BA68-7DE9CC484AA8}"
EndProject
Project("{9A19103F-16F7-4668-BE54-9A1E7A4F7556}") = "Org.Apache.REEF.Examples.DriverRestart", "Org.Apache.REEF.Examples.DriverRestart\Org.Apache.REEF.Examples.DriverRestart.csproj", "{8E4F8CA1-26FF-4877-8446-0312F1CBDB85}"
EndProject
Project("{9A19103F-16F7-4668-BE54-9A1E7A4F7556}") = "Org.Apache.REEF.IO.TestClient", "Org.Apache.REEF.IO.TestClient\Org.Apache.REEF.IO.TestClient.csproj", "{D9F9E9BA-DCFF-44CB-81E8-91E5FF5BADBA}"
EndProject
Project("{9A19103F-16F7-4668-BE54-9A1E7A4F7556}") = "Org.Apache.REEF.Network.Examples.Client", "Org.Apache.REEF.Network.Examples.Client\Org.Apache.REEF.Network.Examples.Client.csproj", "{C22416C6-AF4C-47C6-BBE1-EF23D981AA44}"
EndProject
Project("{9A19103F-16F7-4668-BE54-9A1E7A4F7556}") = "Org.Apache.REEF.Tests", "Org.Apache.REEF.Tests\Org.Apache.REEF.Tests.csproj", "{C80B4A96-BAAD-4526-921C-FB5DADBC135E}"
EndProject
Project("{9A19103F-16F7-4668-BE54-9A1E7A4F7556}") = "Org.Apache.REEF.FatNuGet", "Org.Apache.REEF.FatNuGet\Org.Apache.REEF.FatNuGet.csproj", "{F7D5EAB5-65F8-45B5-9318-60EC311E08C6}"
EndProject
Project("{9A19103F-16F7-4668-BE54-9A1E7A4F7556}") = "Org.Apache.REEF.Bridge.CLR", "Org.Apache.REEF.Bridge.CLR\Org.Apache.REEF.Bridge.CLR.csproj", "{81575917-C673-4E6F-9CF1-0DD35FC5E717}"
EndProject
Global
	GlobalSection(SolutionConfigurationPlatforms) = preSolution
		Debug|x64 = Debug|x64
		Release|x64 = Release|x64
	EndGlobalSection
	GlobalSection(ProjectConfigurationPlatforms) = postSolution
		{6C7325D1-EBB6-4642-B34F-B66F46152230}.Debug|x64.ActiveCfg = Debug|x64
		{6C7325D1-EBB6-4642-B34F-B66F46152230}.Debug|x64.Build.0 = Debug|x64
		{6C7325D1-EBB6-4642-B34F-B66F46152230}.Release|x64.ActiveCfg = Release|x64
		{6C7325D1-EBB6-4642-B34F-B66F46152230}.Release|x64.Build.0 = Release|x64
		{448A0D5F-A8DE-4CAA-8224-0A9A63A9392E}.Debug|x64.ActiveCfg = Debug|x64
		{448A0D5F-A8DE-4CAA-8224-0A9A63A9392E}.Debug|x64.Build.0 = Debug|x64
		{448A0D5F-A8DE-4CAA-8224-0A9A63A9392E}.Release|x64.ActiveCfg = Release|x64
		{448A0D5F-A8DE-4CAA-8224-0A9A63A9392E}.Release|x64.Build.0 = Release|x64
		{FE4CEA75-2F26-4C97-B256-375AA698B4A9}.Debug|x64.ActiveCfg = Debug|x64
		{FE4CEA75-2F26-4C97-B256-375AA698B4A9}.Debug|x64.Build.0 = Debug|x64
		{FE4CEA75-2F26-4C97-B256-375AA698B4A9}.Release|x64.ActiveCfg = Release|x64
		{FE4CEA75-2F26-4C97-B256-375AA698B4A9}.Release|x64.Build.0 = Release|x64
		{16E1218C-9A3C-49E2-A939-C29944BBB72E}.Debug|x64.ActiveCfg = Debug|x64
		{16E1218C-9A3C-49E2-A939-C29944BBB72E}.Debug|x64.Build.0 = Debug|x64
		{16E1218C-9A3C-49E2-A939-C29944BBB72E}.Release|x64.ActiveCfg = Release|x64
		{16E1218C-9A3C-49E2-A939-C29944BBB72E}.Release|x64.Build.0 = Release|x64
		{C7314C70-7D05-4A77-B442-712712C60E16}.Debug|x64.ActiveCfg = Debug|x64
		{C7314C70-7D05-4A77-B442-712712C60E16}.Debug|x64.Build.0 = Debug|x64
		{C7314C70-7D05-4A77-B442-712712C60E16}.Release|x64.ActiveCfg = Release|x64
		{C7314C70-7D05-4A77-B442-712712C60E16}.Release|x64.Build.0 = Release|x64
		{1E2B189D-239E-419F-BA09-2A3B28EF98EB}.Debug|x64.ActiveCfg = Debug|x64
		{1E2B189D-239E-419F-BA09-2A3B28EF98EB}.Debug|x64.Build.0 = Debug|x64
		{1E2B189D-239E-419F-BA09-2A3B28EF98EB}.Release|x64.ActiveCfg = Release|x64
		{1E2B189D-239E-419F-BA09-2A3B28EF98EB}.Release|x64.Build.0 = Release|x64
		{F92D4129-C094-458D-8DFE-B1454A62DA0F}.Debug|x64.ActiveCfg = Debug|x64
		{F92D4129-C094-458D-8DFE-B1454A62DA0F}.Debug|x64.Build.0 = Debug|x64
		{F92D4129-C094-458D-8DFE-B1454A62DA0F}.Release|x64.ActiveCfg = Release|x64
		{F92D4129-C094-458D-8DFE-B1454A62DA0F}.Release|x64.Build.0 = Release|x64
		{4C617764-FD55-4915-BACA-29D88A6B7C55}.Debug|x64.ActiveCfg = Debug|x64
		{4C617764-FD55-4915-BACA-29D88A6B7C55}.Debug|x64.Build.0 = Debug|x64
		{4C617764-FD55-4915-BACA-29D88A6B7C55}.Release|x64.ActiveCfg = Release|x64
		{4C617764-FD55-4915-BACA-29D88A6B7C55}.Release|x64.Build.0 = Release|x64
		{E1CB058B-DFAC-48CB-818E-4790D2C1701F}.Debug|x64.ActiveCfg = Debug|x64
		{E1CB058B-DFAC-48CB-818E-4790D2C1701F}.Debug|x64.Build.0 = Debug|x64
		{E1CB058B-DFAC-48CB-818E-4790D2C1701F}.Release|x64.ActiveCfg = Release|x64
		{E1CB058B-DFAC-48CB-818E-4790D2C1701F}.Release|x64.Build.0 = Release|x64
		{8DF28709-0405-4EF9-A525-19D177032073}.Debug|x64.ActiveCfg = Debug|x64
		{8DF28709-0405-4EF9-A525-19D177032073}.Debug|x64.Build.0 = Debug|x64
		{8DF28709-0405-4EF9-A525-19D177032073}.Release|x64.ActiveCfg = Release|x64
		{8DF28709-0405-4EF9-A525-19D177032073}.Release|x64.Build.0 = Release|x64
		{C61EDCD2-36AB-4F46-8886-40E6BDE05FAC}.Debug|x64.ActiveCfg = Debug|x64
		{C61EDCD2-36AB-4F46-8886-40E6BDE05FAC}.Debug|x64.Build.0 = Debug|x64
		{C61EDCD2-36AB-4F46-8886-40E6BDE05FAC}.Release|x64.ActiveCfg = Release|x64
		{C61EDCD2-36AB-4F46-8886-40E6BDE05FAC}.Release|x64.Build.0 = Release|x64
		{421744DE-5FB7-4694-98A7-00E4248A8B8C}.Debug|x64.ActiveCfg = Debug|x64
		{421744DE-5FB7-4694-98A7-00E4248A8B8C}.Debug|x64.Build.0 = Debug|x64
		{421744DE-5FB7-4694-98A7-00E4248A8B8C}.Release|x64.ActiveCfg = Release|x64
		{421744DE-5FB7-4694-98A7-00E4248A8B8C}.Release|x64.Build.0 = Release|x64
		{6AB95745-BE93-4BF0-B3D3-C99EAB716F6B}.Debug|x64.ActiveCfg = Debug|x64
		{6AB95745-BE93-4BF0-B3D3-C99EAB716F6B}.Debug|x64.Build.0 = Debug|x64
		{6AB95745-BE93-4BF0-B3D3-C99EAB716F6B}.Release|x64.ActiveCfg = Release|x64
		{6AB95745-BE93-4BF0-B3D3-C99EAB716F6B}.Release|x64.Build.0 = Release|x64
		{558927C3-045B-405D-A978-9E89D50BB51A}.Debug|x64.ActiveCfg = Debug|x64
		{558927C3-045B-405D-A978-9E89D50BB51A}.Debug|x64.Build.0 = Debug|x64
		{558927C3-045B-405D-A978-9E89D50BB51A}.Release|x64.ActiveCfg = Release|x64
		{558927C3-045B-405D-A978-9E89D50BB51A}.Release|x64.Build.0 = Release|x64
		{E68A8740-AEA1-423E-B32B-E873F787CF60}.Debug|x64.ActiveCfg = Debug|x64
		{E68A8740-AEA1-423E-B32B-E873F787CF60}.Debug|x64.Build.0 = Debug|x64
		{E68A8740-AEA1-423E-B32B-E873F787CF60}.Release|x64.ActiveCfg = Release|x64
		{E68A8740-AEA1-423E-B32B-E873F787CF60}.Release|x64.Build.0 = Release|x64
		{2C11BA8F-9F2D-4A94-B9E1-6F7CC2F99A96}.Debug|x64.ActiveCfg = Debug|x64
		{2C11BA8F-9F2D-4A94-B9E1-6F7CC2F99A96}.Debug|x64.Build.0 = Debug|x64
		{2C11BA8F-9F2D-4A94-B9E1-6F7CC2F99A96}.Release|x64.ActiveCfg = Release|x64
		{2C11BA8F-9F2D-4A94-B9E1-6F7CC2F99A96}.Release|x64.Build.0 = Release|x64
		{74A9ED6D-EE76-4DFF-A921-F6D761C2CB7A}.Debug|x64.ActiveCfg = Debug|x64
		{74A9ED6D-EE76-4DFF-A921-F6D761C2CB7A}.Debug|x64.Build.0 = Debug|x64
		{74A9ED6D-EE76-4DFF-A921-F6D761C2CB7A}.Release|x64.ActiveCfg = Release|x64
		{74A9ED6D-EE76-4DFF-A921-F6D761C2CB7A}.Release|x64.Build.0 = Release|x64
		{4AFF480F-006F-4229-8565-DB8F0E5F0C1D}.Debug|x64.ActiveCfg = Debug|x64
		{4AFF480F-006F-4229-8565-DB8F0E5F0C1D}.Debug|x64.Build.0 = Debug|x64
		{4AFF480F-006F-4229-8565-DB8F0E5F0C1D}.Release|x64.ActiveCfg = Release|x64
		{4AFF480F-006F-4229-8565-DB8F0E5F0C1D}.Release|x64.Build.0 = Release|x64
		{A23F679F-233A-41A1-9964-61A0576E5D93}.Debug|x64.ActiveCfg = Debug|x64
		{A23F679F-233A-41A1-9964-61A0576E5D93}.Debug|x64.Build.0 = Debug|x64
		{A23F679F-233A-41A1-9964-61A0576E5D93}.Release|x64.ActiveCfg = Release|x64
		{A23F679F-233A-41A1-9964-61A0576E5D93}.Release|x64.Build.0 = Release|x64
		{C3F0F0F8-0001-44C3-998F-89992361FA43}.Debug|x64.ActiveCfg = Debug|x64
		{C3F0F0F8-0001-44C3-998F-89992361FA43}.Debug|x64.Build.0 = Debug|x64
		{C3F0F0F8-0001-44C3-998F-89992361FA43}.Release|x64.ActiveCfg = Release|x64
		{C3F0F0F8-0001-44C3-998F-89992361FA43}.Release|x64.Build.0 = Release|x64
		{EB9E67A8-0D79-4355-8699-724FF8F40D39}.Debug|x64.ActiveCfg = Debug|x64
		{EB9E67A8-0D79-4355-8699-724FF8F40D39}.Debug|x64.Build.0 = Debug|x64
		{EB9E67A8-0D79-4355-8699-724FF8F40D39}.Release|x64.ActiveCfg = Release|x64
		{EB9E67A8-0D79-4355-8699-724FF8F40D39}.Release|x64.Build.0 = Release|x64
		{D5E2987D-234B-4EAB-85FA-BB377FE63C42}.Debug|x64.ActiveCfg = Debug|x64
		{D5E2987D-234B-4EAB-85FA-BB377FE63C42}.Debug|x64.Build.0 = Debug|x64
		{D5E2987D-234B-4EAB-85FA-BB377FE63C42}.Release|x64.ActiveCfg = Release|x64
		{D5E2987D-234B-4EAB-85FA-BB377FE63C42}.Release|x64.Build.0 = Release|x64
		{80036B79-DAF4-4EDD-854E-1ADCBEBEB803}.Debug|x64.ActiveCfg = Debug|x64
		{80036B79-DAF4-4EDD-854E-1ADCBEBEB803}.Debug|x64.Build.0 = Debug|x64
		{80036B79-DAF4-4EDD-854E-1ADCBEBEB803}.Release|x64.ActiveCfg = Release|x64
		{80036B79-DAF4-4EDD-854E-1ADCBEBEB803}.Release|x64.Build.0 = Release|x64
		{880CF3D8-B8A8-4350-A067-50A589563848}.Debug|x64.ActiveCfg = Debug|x64
		{880CF3D8-B8A8-4350-A067-50A589563848}.Debug|x64.Build.0 = Debug|x64
		{880CF3D8-B8A8-4350-A067-50A589563848}.Release|x64.ActiveCfg = Release|x64
		{880CF3D8-B8A8-4350-A067-50A589563848}.Release|x64.Build.0 = Release|x64
		{CF4985C6-A06B-4F20-B5C3-489889170DB7}.Debug|x64.ActiveCfg = Debug|x64
		{CF4985C6-A06B-4F20-B5C3-489889170DB7}.Debug|x64.Build.0 = Debug|x64
		{CF4985C6-A06B-4F20-B5C3-489889170DB7}.Release|x64.ActiveCfg = Release|x64
		{CF4985C6-A06B-4F20-B5C3-489889170DB7}.Release|x64.Build.0 = Release|x64
		{F98C05F8-584B-4BA1-ABC1-74C04B03932D}.Debug|x64.ActiveCfg = Debug|x64
		{F98C05F8-584B-4BA1-ABC1-74C04B03932D}.Debug|x64.Build.0 = Debug|x64
		{F98C05F8-584B-4BA1-ABC1-74C04B03932D}.Release|x64.ActiveCfg = Release|x64
		{F98C05F8-584B-4BA1-ABC1-74C04B03932D}.Release|x64.Build.0 = Release|x64
		{704D00D3-9B85-46E5-BA68-7DE9CC484AA8}.Debug|x64.ActiveCfg = Debug|x64
		{704D00D3-9B85-46E5-BA68-7DE9CC484AA8}.Debug|x64.Build.0 = Debug|x64
		{704D00D3-9B85-46E5-BA68-7DE9CC484AA8}.Release|x64.ActiveCfg = Release|x64
		{704D00D3-9B85-46E5-BA68-7DE9CC484AA8}.Release|x64.Build.0 = Release|x64
		{8E4F8CA1-26FF-4877-8446-0312F1CBDB85}.Debug|x64.ActiveCfg = Debug|x64
		{8E4F8CA1-26FF-4877-8446-0312F1CBDB85}.Debug|x64.Build.0 = Debug|x64
		{8E4F8CA1-26FF-4877-8446-0312F1CBDB85}.Release|x64.ActiveCfg = Release|x64
		{8E4F8CA1-26FF-4877-8446-0312F1CBDB85}.Release|x64.Build.0 = Release|x64
		{D9F9E9BA-DCFF-44CB-81E8-91E5FF5BADBA}.Debug|x64.ActiveCfg = Debug|x64
		{D9F9E9BA-DCFF-44CB-81E8-91E5FF5BADBA}.Debug|x64.Build.0 = Debug|x64
		{D9F9E9BA-DCFF-44CB-81E8-91E5FF5BADBA}.Release|x64.ActiveCfg = Release|x64
		{D9F9E9BA-DCFF-44CB-81E8-91E5FF5BADBA}.Release|x64.Build.0 = Release|x64
		{C22416C6-AF4C-47C6-BBE1-EF23D981AA44}.Debug|x64.ActiveCfg = Debug|x64
		{C22416C6-AF4C-47C6-BBE1-EF23D981AA44}.Debug|x64.Build.0 = Debug|x64
		{C22416C6-AF4C-47C6-BBE1-EF23D981AA44}.Release|x64.ActiveCfg = Release|x64
		{C22416C6-AF4C-47C6-BBE1-EF23D981AA44}.Release|x64.Build.0 = Release|x64
		{C80B4A96-BAAD-4526-921C-FB5DADBC135E}.Debug|x64.ActiveCfg = Debug|x64
		{C80B4A96-BAAD-4526-921C-FB5DADBC135E}.Debug|x64.Build.0 = Debug|x64
		{C80B4A96-BAAD-4526-921C-FB5DADBC135E}.Release|x64.ActiveCfg = Release|x64
		{C80B4A96-BAAD-4526-921C-FB5DADBC135E}.Release|x64.Build.0 = Release|x64
		{F7D5EAB5-65F8-45B5-9318-60EC311E08C6}.Debug|x64.ActiveCfg = Debug|x64
		{F7D5EAB5-65F8-45B5-9318-60EC311E08C6}.Debug|x64.Build.0 = Debug|x64
		{F7D5EAB5-65F8-45B5-9318-60EC311E08C6}.Release|x64.ActiveCfg = Release|x64
		{F7D5EAB5-65F8-45B5-9318-60EC311E08C6}.Release|x64.Build.0 = Release|x64
		{81575917-C673-4E6F-9CF1-0DD35FC5E717}.Debug|x64.ActiveCfg = Debug|x64
		{81575917-C673-4E6F-9CF1-0DD35FC5E717}.Debug|x64.Build.0 = Debug|x64
		{81575917-C673-4E6F-9CF1-0DD35FC5E717}.Release|x64.ActiveCfg = Release|x64
		{81575917-C673-4E6F-9CF1-0DD35FC5E717}.Release|x64.Build.0 = Release|x64
	EndGlobalSection
	GlobalSection(SolutionProperties) = preSolution
		HideSolutionNode = FALSE
	EndGlobalSection
	GlobalSection(ExtensibilityGlobals) = postSolution
		SolutionGuid = {7BAAE3F9-A5D6-4949-9357-849CAA006F96}
	EndGlobalSection
EndGlobal
