
Microsoft Visual Studio Solution File, Format Version 12.00
# Visual Studio 2012
Project("{8BC9CEB8-8B4A-11D0-8D11-00A0C91BC942}") = "JavaClrBridge", "JavaClrBridge.vcxproj", "{2825FD53-350B-4294-8CFC-8DD2F4F4F285}"
	ProjectSection(ProjectDependencies) = postProject
		{443A7B61-5C91-4F67-9FCD-81BC6FABFDBD} = {443A7B61-5C91-4F67-9FCD-81BC6FABFDBD}
	EndProjectSection
EndProject
Project("{FAE04EC0-301F-11D3-BF4B-00C04F79EFBC}") = "ClrHandler", "..\..\..\CSharp\CSharp\ClrHandler\ClrHandler.csproj", "{443A7B61-5C91-4F67-9FCD-81BC6FABFDBD}"
EndProject
Global
	GlobalSection(SolutionConfigurationPlatforms) = preSolution
		Debug|Any CPU = Debug|Any CPU
		Debug|Mixed Platforms = Debug|Mixed Platforms
		Debug|Win32 = Debug|Win32
		Debug|x64 = Debug|x64
		Release|Any CPU = Release|Any CPU
		Release|Mixed Platforms = Release|Mixed Platforms
		Release|Win32 = Release|Win32
		Release|x64 = Release|x64
	EndGlobalSection
	GlobalSection(ProjectConfigurationPlatforms) = postSolution
		{2825FD53-350B-4294-8CFC-8DD2F4F4F285}.Debug|Any CPU.ActiveCfg = Debug|Win32
		{2825FD53-350B-4294-8CFC-8DD2F4F4F285}.Debug|Mixed Platforms.ActiveCfg = Release|x64
		{2825FD53-350B-4294-8CFC-8DD2F4F4F285}.Debug|Mixed Platforms.Build.0 = Release|x64
		{2825FD53-350B-4294-8CFC-8DD2F4F4F285}.Debug|Mixed Platforms.Deploy.0 = Release|x64
		{2825FD53-350B-4294-8CFC-8DD2F4F4F285}.Debug|Win32.ActiveCfg = Debug|Win32
		{2825FD53-350B-4294-8CFC-8DD2F4F4F285}.Debug|Win32.Build.0 = Debug|Win32
		{2825FD53-350B-4294-8CFC-8DD2F4F4F285}.Debug|x64.ActiveCfg = Debug|x64
		{2825FD53-350B-4294-8CFC-8DD2F4F4F285}.Debug|x64.Build.0 = Debug|x64
		{2825FD53-350B-4294-8CFC-8DD2F4F4F285}.Release|Any CPU.ActiveCfg = Release|Win32
		{2825FD53-350B-4294-8CFC-8DD2F4F4F285}.Release|Mixed Platforms.ActiveCfg = Release|x64
		{2825FD53-350B-4294-8CFC-8DD2F4F4F285}.Release|Mixed Platforms.Build.0 = Release|x64
		{2825FD53-350B-4294-8CFC-8DD2F4F4F285}.Release|Win32.ActiveCfg = Release|Win32
		{2825FD53-350B-4294-8CFC-8DD2F4F4F285}.Release|Win32.Build.0 = Release|Win32
		{2825FD53-350B-4294-8CFC-8DD2F4F4F285}.Release|x64.ActiveCfg = Release|x64
		{2825FD53-350B-4294-8CFC-8DD2F4F4F285}.Release|x64.Build.0 = Release|x64
		{443A7B61-5C91-4F67-9FCD-81BC6FABFDBD}.Debug|Any CPU.ActiveCfg = Debug|Any CPU
		{443A7B61-5C91-4F67-9FCD-81BC6FABFDBD}.Debug|Any CPU.Build.0 = Debug|Any CPU
		{443A7B61-5C91-4F67-9FCD-81BC6FABFDBD}.Debug|Mixed Platforms.ActiveCfg = Debug|Any CPU
		{443A7B61-5C91-4F67-9FCD-81BC6FABFDBD}.Debug|Mixed Platforms.Build.0 = Debug|Any CPU
		{443A7B61-5C91-4F67-9FCD-81BC6FABFDBD}.Debug|Win32.ActiveCfg = Debug|Any CPU
		{443A7B61-5C91-4F67-9FCD-81BC6FABFDBD}.Debug|x64.ActiveCfg = Debug|Any CPU
		{443A7B61-5C91-4F67-9FCD-81BC6FABFDBD}.Debug|x64.Build.0 = Debug|Any CPU
		{443A7B61-5C91-4F67-9FCD-81BC6FABFDBD}.Release|Any CPU.ActiveCfg = Release|Any CPU
		{443A7B61-5C91-4F67-9FCD-81BC6FABFDBD}.Release|Any CPU.Build.0 = Release|Any CPU
		{443A7B61-5C91-4F67-9FCD-81BC6FABFDBD}.Release|Mixed Platforms.ActiveCfg = Release|Any CPU
		{443A7B61-5C91-4F67-9FCD-81BC6FABFDBD}.Release|Mixed Platforms.Build.0 = Release|Any CPU
		{443A7B61-5C91-4F67-9FCD-81BC6FABFDBD}.Release|Win32.ActiveCfg = Release|Any CPU
		{443A7B61-5C91-4F67-9FCD-81BC6FABFDBD}.Release|x64.ActiveCfg = Release|Any CPU
		{443A7B61-5C91-4F67-9FCD-81BC6FABFDBD}.Release|x64.Build.0 = Release|Any CPU
	EndGlobalSection
	GlobalSection(SolutionProperties) = preSolution
		HideSolutionNode = FALSE
	EndGlobalSection
EndGlobal
